PODS:
  - SwiftyJSON (3.1.1)
  - TGCameraViewController (2.2.7)

DEPENDENCIES:
  - SwiftyJSON
  - TGCameraViewController

SPEC CHECKSUMS:
  SwiftyJSON: f0be2e604f83e8405a624e9f891898bf6ed4e019
  TGCameraViewController: 2e1ca4c286f643df01c70c478422814ed025e4a7

PODFILE CHECKSUM: 7aa3a2385c972cef8ab049355489cbac44760f3c

COCOAPODS: 1.1.1
