// !$*UTF8*$!
{
	archiveVersion = 1;
	classes = {
	};
	objectVersion = 46;
	objects = {

/* Begin PBXBuildFile section */
		0E63F2E3521F0162D10503B1 /* Pods_NutriFence__iOS_Tests.framework in Frameworks */ = {isa = PBXBuildFile; fileRef = 9125098AAED1349121DDE646 /* Pods_NutriFence__iOS_Tests.framework */; };
		2C7869EF477C41A77966D20B /* Pods_NutriFence__iOS_.framework in Frameworks */ = {isa = PBXBuildFile; fileRef = C9C0D898703FCA3A4266C58C /* Pods_NutriFence__iOS_.framework */; };
		761585D21E07A3990094BEDB /* NFShutterButton.swift in Sources */ = {isa = PBXBuildFile; fileRef = 761585D11E07A3990094BEDB /* NFShutterButton.swift */; };
		7634A6771E0792A50049F909 /* NFLabelCaptureViewController.swift in Sources */ = {isa = PBXBuildFile; fileRef = 7634A6761E0792A50049F909 /* NFLabelCaptureViewController.swift */; };
		76598D671DCD6DDD00DEF76E /* AppDelegate.swift in Sources */ = {isa = PBXBuildFile; fileRef = 76598D661DCD6DDD00DEF76E /* AppDelegate.swift */; };
		76598D6C1DCD6DDE00DEF76E /* Main.storyboard in Resources */ = {isa = PBXBuildFile; fileRef = 76598D6A1DCD6DDE00DEF76E /* Main.storyboard */; };
		76598D6E1DCD6DDE00DEF76E /* Assets.xcassets in Resources */ = {isa = PBXBuildFile; fileRef = 76598D6D1DCD6DDE00DEF76E /* Assets.xcassets */; };
		76598D711DCD6DDE00DEF76E /* LaunchScreen.storyboard in Resources */ = {isa = PBXBuildFile; fileRef = 76598D6F1DCD6DDE00DEF76E /* LaunchScreen.storyboard */; };
		76598D7C1DCD6DDE00DEF76E /* NutriFence__iOS_Tests.swift in Sources */ = {isa = PBXBuildFile; fileRef = 76598D7B1DCD6DDE00DEF76E /* NutriFence__iOS_Tests.swift */; };
		76598D871DCD6DDE00DEF76E /* NutriFence__iOS_UITests.swift in Sources */ = {isa = PBXBuildFile; fileRef = 76598D861DCD6DDE00DEF76E /* NutriFence__iOS_UITests.swift */; };
		7685516B1DCE4E8A008A8526 /* UIColor+Hex.swift in Sources */ = {isa = PBXBuildFile; fileRef = 768551671DCE4E8A008A8526 /* UIColor+Hex.swift */; };
		7685516D1DCE56BC008A8526 /* ufonts.com_century-gothic.ttf in Resources */ = {isa = PBXBuildFile; fileRef = 7685516C1DCE56BC008A8526 /* ufonts.com_century-gothic.ttf */; };
		76AAB6351E093BFB00D3CBB8 /* NFFirstPage.xib in Resources */ = {isa = PBXBuildFile; fileRef = 76AAB6341E093BFB00D3CBB8 /* NFFirstPage.xib */; };
		76AAB6381E093C7700D3CBB8 /* NFFirstPageViewController.swift in Sources */ = {isa = PBXBuildFile; fileRef = 76AAB6371E093C7700D3CBB8 /* NFFirstPageViewController.swift */; };
		76DFA6251DD6B6D700821BC5 /* NFMainTableViewController.swift in Sources */ = {isa = PBXBuildFile; fileRef = 76DFA6241DD6B6D700821BC5 /* NFMainTableViewController.swift */; };
		76DFA62B1DD6D47100821BC5 /* NFMainTVCType.swift in Sources */ = {isa = PBXBuildFile; fileRef = 76DFA62A1DD6D47100821BC5 /* NFMainTVCType.swift */; };
		76DFA62D1DD6D6E200821BC5 /* NFIngredient.swift in Sources */ = {isa = PBXBuildFile; fileRef = 76DFA62C1DD6D6E200821BC5 /* NFIngredient.swift */; };
		76DFA62F1DD6D96F00821BC5 /* NFGradientColors.swift in Sources */ = {isa = PBXBuildFile; fileRef = 76DFA62E1DD6D96F00821BC5 /* NFGradientColors.swift */; };
		76DFA6311DD6E15B00821BC5 /* NFDiet.swift in Sources */ = {isa = PBXBuildFile; fileRef = 76DFA6301DD6E15B00821BC5 /* NFDiet.swift */; };
		76DFA6331DD8E0B300821BC5 /* NFResult.swift in Sources */ = {isa = PBXBuildFile; fileRef = 76DFA6321DD8E0B300821BC5 /* NFResult.swift */; };
		76DFA6361DD8E23000821BC5 /* NFClassificationFetcher.swift in Sources */ = {isa = PBXBuildFile; fileRef = 76DFA6351DD8E23000821BC5 /* NFClassificationFetcher.swift */; };
		76F84D021E08E75500D56608 /* NFSimpleMenuViewController.swift in Sources */ = {isa = PBXBuildFile; fileRef = 76F84D011E08E75500D56608 /* NFSimpleMenuViewController.swift */; };
		76F84D041E08EA7600D56608 /* NFBackButton.swift in Sources */ = {isa = PBXBuildFile; fileRef = 76F84D031E08EA7600D56608 /* NFBackButton.swift */; };
		E1B07B51D332B62A4EB06153 /* Pods_NutriFence__iOS_UITests.framework in Frameworks */ = {isa = PBXBuildFile; fileRef = 04A309F0F930E8BDC843B02A /* Pods_NutriFence__iOS_UITests.framework */; };
/* End PBXBuildFile section */

/* Begin PBXContainerItemProxy section */
		76598D781DCD6DDE00DEF76E /* PBXContainerItemProxy */ = {
			isa = PBXContainerItemProxy;
			containerPortal = 76598D5B1DCD6DDD00DEF76E /* Project object */;
			proxyType = 1;
			remoteGlobalIDString = 76598D621DCD6DDD00DEF76E;
			remoteInfo = "NutriFence (iOS)";
		};
		76598D831DCD6DDE00DEF76E /* PBXContainerItemProxy */ = {
			isa = PBXContainerItemProxy;
			containerPortal = 76598D5B1DCD6DDD00DEF76E /* Project object */;
			proxyType = 1;
			remoteGlobalIDString = 76598D621DCD6DDD00DEF76E;
			remoteInfo = "NutriFence (iOS)";
		};
/* End PBXContainerItemProxy section */

/* Begin PBXFileReference section */
		04A309F0F930E8BDC843B02A /* Pods_NutriFence__iOS_UITests.framework */ = {isa = PBXFileReference; explicitFileType = wrapper.framework; includeInIndex = 0; path = Pods_NutriFence__iOS_UITests.framework; sourceTree = BUILT_PRODUCTS_DIR; };
		0908850765BBEEA358EFA7A1 /* Pods-NutriFence (iOS)UITests.release.xcconfig */ = {isa = PBXFileReference; includeInIndex = 1; lastKnownFileType = text.xcconfig; name = "Pods-NutriFence (iOS)UITests.release.xcconfig"; path = "Pods/Target Support Files/Pods-NutriFence (iOS)UITests/Pods-NutriFence (iOS)UITests.release.xcconfig"; sourceTree = "<group>"; };
		49CD07C2F2343023F35B5B80 /* Pods-NutriFence (iOS)Tests.release.xcconfig */ = {isa = PBXFileReference; includeInIndex = 1; lastKnownFileType = text.xcconfig; name = "Pods-NutriFence (iOS)Tests.release.xcconfig"; path = "Pods/Target Support Files/Pods-NutriFence (iOS)Tests/Pods-NutriFence (iOS)Tests.release.xcconfig"; sourceTree = "<group>"; };
		52B0026EBF0E9A9D9757F91B /* Pods-NutriFence (iOS).debug.xcconfig */ = {isa = PBXFileReference; includeInIndex = 1; lastKnownFileType = text.xcconfig; name = "Pods-NutriFence (iOS).debug.xcconfig"; path = "Pods/Target Support Files/Pods-NutriFence (iOS)/Pods-NutriFence (iOS).debug.xcconfig"; sourceTree = "<group>"; };
		5FB84F789A576C75C829D539 /* Pods-NutriFence (iOS)UITests.debug.xcconfig */ = {isa = PBXFileReference; includeInIndex = 1; lastKnownFileType = text.xcconfig; name = "Pods-NutriFence (iOS)UITests.debug.xcconfig"; path = "Pods/Target Support Files/Pods-NutriFence (iOS)UITests/Pods-NutriFence (iOS)UITests.debug.xcconfig"; sourceTree = "<group>"; };
		761585D11E07A3990094BEDB /* NFShutterButton.swift */ = {isa = PBXFileReference; fileEncoding = 4; lastKnownFileType = sourcecode.swift; path = NFShutterButton.swift; sourceTree = "<group>"; };
		7634A6761E0792A50049F909 /* NFLabelCaptureViewController.swift */ = {isa = PBXFileReference; fileEncoding = 4; lastKnownFileType = sourcecode.swift; path = NFLabelCaptureViewController.swift; sourceTree = "<group>"; };
		76598D631DCD6DDD00DEF76E /* NutriFence.app */ = {isa = PBXFileReference; explicitFileType = wrapper.application; includeInIndex = 0; path = NutriFence.app; sourceTree = BUILT_PRODUCTS_DIR; };
		76598D661DCD6DDD00DEF76E /* AppDelegate.swift */ = {isa = PBXFileReference; lastKnownFileType = sourcecode.swift; path = AppDelegate.swift; sourceTree = "<group>"; };
		76598D6B1DCD6DDE00DEF76E /* Base */ = {isa = PBXFileReference; lastKnownFileType = file.storyboard; name = Base; path = Base.lproj/Main.storyboard; sourceTree = "<group>"; };
		76598D6D1DCD6DDE00DEF76E /* Assets.xcassets */ = {isa = PBXFileReference; lastKnownFileType = folder.assetcatalog; path = Assets.xcassets; sourceTree = "<group>"; };
		76598D701DCD6DDE00DEF76E /* Base */ = {isa = PBXFileReference; lastKnownFileType = file.storyboard; name = Base; path = Base.lproj/LaunchScreen.storyboard; sourceTree = "<group>"; };
		76598D721DCD6DDE00DEF76E /* Info.plist */ = {isa = PBXFileReference; lastKnownFileType = text.plist.xml; path = Info.plist; sourceTree = "<group>"; };
		76598D771DCD6DDE00DEF76E /* NutriFence (iOS)Tests.xctest */ = {isa = PBXFileReference; explicitFileType = wrapper.cfbundle; includeInIndex = 0; path = "NutriFence (iOS)Tests.xctest"; sourceTree = BUILT_PRODUCTS_DIR; };
		76598D7B1DCD6DDE00DEF76E /* NutriFence__iOS_Tests.swift */ = {isa = PBXFileReference; lastKnownFileType = sourcecode.swift; path = NutriFence__iOS_Tests.swift; sourceTree = "<group>"; };
		76598D7D1DCD6DDE00DEF76E /* Info.plist */ = {isa = PBXFileReference; lastKnownFileType = text.plist.xml; path = Info.plist; sourceTree = "<group>"; };
		76598D821DCD6DDE00DEF76E /* NutriFence (iOS)UITests.xctest */ = {isa = PBXFileReference; explicitFileType = wrapper.cfbundle; includeInIndex = 0; path = "NutriFence (iOS)UITests.xctest"; sourceTree = BUILT_PRODUCTS_DIR; };
		76598D861DCD6DDE00DEF76E /* NutriFence__iOS_UITests.swift */ = {isa = PBXFileReference; lastKnownFileType = sourcecode.swift; path = NutriFence__iOS_UITests.swift; sourceTree = "<group>"; };
		76598D881DCD6DDE00DEF76E /* Info.plist */ = {isa = PBXFileReference; lastKnownFileType = text.plist.xml; path = Info.plist; sourceTree = "<group>"; };
		768551671DCE4E8A008A8526 /* UIColor+Hex.swift */ = {isa = PBXFileReference; fileEncoding = 4; lastKnownFileType = sourcecode.swift; path = "UIColor+Hex.swift"; sourceTree = "<group>"; };
		7685516C1DCE56BC008A8526 /* ufonts.com_century-gothic.ttf */ = {isa = PBXFileReference; lastKnownFileType = file; path = "ufonts.com_century-gothic.ttf"; sourceTree = "<group>"; };
		76AAB6341E093BFB00D3CBB8 /* NFFirstPage.xib */ = {isa = PBXFileReference; fileEncoding = 4; lastKnownFileType = file.xib; path = NFFirstPage.xib; sourceTree = "<group>"; };
		76AAB6371E093C7700D3CBB8 /* NFFirstPageViewController.swift */ = {isa = PBXFileReference; fileEncoding = 4; lastKnownFileType = sourcecode.swift; path = NFFirstPageViewController.swift; sourceTree = "<group>"; };
		76DFA6241DD6B6D700821BC5 /* NFMainTableViewController.swift */ = {isa = PBXFileReference; fileEncoding = 4; lastKnownFileType = sourcecode.swift; path = NFMainTableViewController.swift; sourceTree = "<group>"; };
		76DFA62A1DD6D47100821BC5 /* NFMainTVCType.swift */ = {isa = PBXFileReference; fileEncoding = 4; lastKnownFileType = sourcecode.swift; path = NFMainTVCType.swift; sourceTree = "<group>"; };
		76DFA62C1DD6D6E200821BC5 /* NFIngredient.swift */ = {isa = PBXFileReference; fileEncoding = 4; lastKnownFileType = sourcecode.swift; path = NFIngredient.swift; sourceTree = "<group>"; };
		76DFA62E1DD6D96F00821BC5 /* NFGradientColors.swift */ = {isa = PBXFileReference; fileEncoding = 4; lastKnownFileType = sourcecode.swift; path = NFGradientColors.swift; sourceTree = "<group>"; };
		76DFA6301DD6E15B00821BC5 /* NFDiet.swift */ = {isa = PBXFileReference; fileEncoding = 4; lastKnownFileType = sourcecode.swift; path = NFDiet.swift; sourceTree = "<group>"; };
		76DFA6321DD8E0B300821BC5 /* NFResult.swift */ = {isa = PBXFileReference; fileEncoding = 4; lastKnownFileType = sourcecode.swift; path = NFResult.swift; sourceTree = "<group>"; };
		76DFA6351DD8E23000821BC5 /* NFClassificationFetcher.swift */ = {isa = PBXFileReference; fileEncoding = 4; lastKnownFileType = sourcecode.swift; path = NFClassificationFetcher.swift; sourceTree = "<group>"; };
		76F84D011E08E75500D56608 /* NFSimpleMenuViewController.swift */ = {isa = PBXFileReference; fileEncoding = 4; lastKnownFileType = sourcecode.swift; path = NFSimpleMenuViewController.swift; sourceTree = "<group>"; };
		76F84D031E08EA7600D56608 /* NFBackButton.swift */ = {isa = PBXFileReference; fileEncoding = 4; lastKnownFileType = sourcecode.swift; path = NFBackButton.swift; sourceTree = "<group>"; };
		9125098AAED1349121DDE646 /* Pods_NutriFence__iOS_Tests.framework */ = {isa = PBXFileReference; explicitFileType = wrapper.framework; includeInIndex = 0; path = Pods_NutriFence__iOS_Tests.framework; sourceTree = BUILT_PRODUCTS_DIR; };
		C9C0D898703FCA3A4266C58C /* Pods_NutriFence__iOS_.framework */ = {isa = PBXFileReference; explicitFileType = wrapper.framework; includeInIndex = 0; path = Pods_NutriFence__iOS_.framework; sourceTree = BUILT_PRODUCTS_DIR; };
		E69867A18043D93B011A71F7 /* Pods-NutriFence (iOS)Tests.debug.xcconfig */ = {isa = PBXFileReference; includeInIndex = 1; lastKnownFileType = text.xcconfig; name = "Pods-NutriFence (iOS)Tests.debug.xcconfig"; path = "Pods/Target Support Files/Pods-NutriFence (iOS)Tests/Pods-NutriFence (iOS)Tests.debug.xcconfig"; sourceTree = "<group>"; };
		EB5CEF723CB87E18AECE0109 /* Pods-NutriFence (iOS).release.xcconfig */ = {isa = PBXFileReference; includeInIndex = 1; lastKnownFileType = text.xcconfig; name = "Pods-NutriFence (iOS).release.xcconfig"; path = "Pods/Target Support Files/Pods-NutriFence (iOS)/Pods-NutriFence (iOS).release.xcconfig"; sourceTree = "<group>"; };
/* End PBXFileReference section */

/* Begin PBXFrameworksBuildPhase section */
		76598D601DCD6DDD00DEF76E /* Frameworks */ = {
			isa = PBXFrameworksBuildPhase;
			buildActionMask = 2147483647;
			files = (
				2C7869EF477C41A77966D20B /* Pods_NutriFence__iOS_.framework in Frameworks */,
			);
			runOnlyForDeploymentPostprocessing = 0;
		};
		76598D741DCD6DDE00DEF76E /* Frameworks */ = {
			isa = PBXFrameworksBuildPhase;
			buildActionMask = 2147483647;
			files = (
				0E63F2E3521F0162D10503B1 /* Pods_NutriFence__iOS_Tests.framework in Frameworks */,
			);
			runOnlyForDeploymentPostprocessing = 0;
		};
		76598D7F1DCD6DDE00DEF76E /* Frameworks */ = {
			isa = PBXFrameworksBuildPhase;
			buildActionMask = 2147483647;
			files = (
				E1B07B51D332B62A4EB06153 /* Pods_NutriFence__iOS_UITests.framework in Frameworks */,
			);
			runOnlyForDeploymentPostprocessing = 0;
		};
/* End PBXFrameworksBuildPhase section */

/* Begin PBXGroup section */
		2363D34F9CB60A91BCBE0A57 /* Frameworks */ = {
			isa = PBXGroup;
			children = (
				C9C0D898703FCA3A4266C58C /* Pods_NutriFence__iOS_.framework */,
				9125098AAED1349121DDE646 /* Pods_NutriFence__iOS_Tests.framework */,
				04A309F0F930E8BDC843B02A /* Pods_NutriFence__iOS_UITests.framework */,
			);
			name = Frameworks;
			sourceTree = "<group>";
		};
		5945399775051920FBBF812A /* Pods */ = {
			isa = PBXGroup;
			children = (
				52B0026EBF0E9A9D9757F91B /* Pods-NutriFence (iOS).debug.xcconfig */,
				EB5CEF723CB87E18AECE0109 /* Pods-NutriFence (iOS).release.xcconfig */,
				E69867A18043D93B011A71F7 /* Pods-NutriFence (iOS)Tests.debug.xcconfig */,
				49CD07C2F2343023F35B5B80 /* Pods-NutriFence (iOS)Tests.release.xcconfig */,
				5FB84F789A576C75C829D539 /* Pods-NutriFence (iOS)UITests.debug.xcconfig */,
				0908850765BBEEA358EFA7A1 /* Pods-NutriFence (iOS)UITests.release.xcconfig */,
			);
			name = Pods;
			sourceTree = "<group>";
		};
		761585D01E07A3860094BEDB /* Controls */ = {
			isa = PBXGroup;
			children = (
				761585D11E07A3990094BEDB /* NFShutterButton.swift */,
				76F84D031E08EA7600D56608 /* NFBackButton.swift */,
			);
			name = Controls;
			sourceTree = "<group>";
		};
		76598D5A1DCD6DDD00DEF76E = {
			isa = PBXGroup;
			children = (
				76598D651DCD6DDD00DEF76E /* NutriFence (iOS) */,
				76598D7A1DCD6DDE00DEF76E /* NutriFence (iOS)Tests */,
				76598D851DCD6DDE00DEF76E /* NutriFence (iOS)UITests */,
				76598D641DCD6DDD00DEF76E /* Products */,
				5945399775051920FBBF812A /* Pods */,
				2363D34F9CB60A91BCBE0A57 /* Frameworks */,
			);
			sourceTree = "<group>";
		};
		76598D641DCD6DDD00DEF76E /* Products */ = {
			isa = PBXGroup;
			children = (
				76598D631DCD6DDD00DEF76E /* NutriFence.app */,
				76598D771DCD6DDE00DEF76E /* NutriFence (iOS)Tests.xctest */,
				76598D821DCD6DDE00DEF76E /* NutriFence (iOS)UITests.xctest */,
			);
			name = Products;
			sourceTree = "<group>";
		};
		76598D651DCD6DDD00DEF76E /* NutriFence (iOS) */ = {
			isa = PBXGroup;
			children = (
				76AAB6331E093B5000D3CBB8 /* Tutorial */,
				76598D661DCD6DDD00DEF76E /* AppDelegate.swift */,
				76598D6A1DCD6DDE00DEF76E /* Main.storyboard */,
				76DFA6291DD6D44600821BC5 /* Model */,
				7685516F1DCE5725008A8526 /* View Controllers */,
				761585D01E07A3860094BEDB /* Controls */,
				76DFA6231DD6B56700821BC5 /* Utilities */,
				7685516E1DCE56EF008A8526 /* Supporting Files */,
			);
			path = "NutriFence (iOS)";
			sourceTree = "<group>";
		};
		76598D7A1DCD6DDE00DEF76E /* NutriFence (iOS)Tests */ = {
			isa = PBXGroup;
			children = (
				76598D7B1DCD6DDE00DEF76E /* NutriFence__iOS_Tests.swift */,
				76598D7D1DCD6DDE00DEF76E /* Info.plist */,
			);
			path = "NutriFence (iOS)Tests";
			sourceTree = "<group>";
		};
		76598D851DCD6DDE00DEF76E /* NutriFence (iOS)UITests */ = {
			isa = PBXGroup;
			children = (
				76598D861DCD6DDE00DEF76E /* NutriFence__iOS_UITests.swift */,
				76598D881DCD6DDE00DEF76E /* Info.plist */,
			);
			path = "NutriFence (iOS)UITests";
			sourceTree = "<group>";
		};
		7685516E1DCE56EF008A8526 /* Supporting Files */ = {
			isa = PBXGroup;
			children = (
				7685516C1DCE56BC008A8526 /* ufonts.com_century-gothic.ttf */,
				76598D6D1DCD6DDE00DEF76E /* Assets.xcassets */,
				76598D6F1DCD6DDE00DEF76E /* LaunchScreen.storyboard */,
				76598D721DCD6DDE00DEF76E /* Info.plist */,
			);
			name = "Supporting Files";
			sourceTree = "<group>";
		};
		7685516F1DCE5725008A8526 /* View Controllers */ = {
			isa = PBXGroup;
			children = (
				76DFA6241DD6B6D700821BC5 /* NFMainTableViewController.swift */,
				7634A6761E0792A50049F909 /* NFLabelCaptureViewController.swift */,
				76F84D011E08E75500D56608 /* NFSimpleMenuViewController.swift */,
			);
			name = "View Controllers";
			sourceTree = "<group>";
		};
		76AAB6331E093B5000D3CBB8 /* Tutorial */ = {
			isa = PBXGroup;
			children = (
				76AAB6361E093C5C00D3CBB8 /* View Controllers */,
				76AAB6391E093C8900D3CBB8 /* Nibs */,
			);
			name = Tutorial;
			sourceTree = "<group>";
		};
		76AAB6361E093C5C00D3CBB8 /* View Controllers */ = {
			isa = PBXGroup;
			children = (
				76AAB6371E093C7700D3CBB8 /* NFFirstPageViewController.swift */,
			);
			name = "View Controllers";
			sourceTree = "<group>";
		};
		76AAB6391E093C8900D3CBB8 /* Nibs */ = {
			isa = PBXGroup;
			children = (
				76AAB6341E093BFB00D3CBB8 /* NFFirstPage.xib */,
			);
			name = Nibs;
			sourceTree = "<group>";
		};
		76DFA6231DD6B56700821BC5 /* Utilities */ = {
			isa = PBXGroup;
			children = (
				768551671DCE4E8A008A8526 /* UIColor+Hex.swift */,
				76DFA62E1DD6D96F00821BC5 /* NFGradientColors.swift */,
				76DFA6351DD8E23000821BC5 /* NFClassificationFetcher.swift */,
			);
			name = Utilities;
			sourceTree = "<group>";
		};
		76DFA6291DD6D44600821BC5 /* Model */ = {
			isa = PBXGroup;
			children = (
				76DFA62A1DD6D47100821BC5 /* NFMainTVCType.swift */,
				76DFA62C1DD6D6E200821BC5 /* NFIngredient.swift */,
				76DFA6301DD6E15B00821BC5 /* NFDiet.swift */,
				76DFA6321DD8E0B300821BC5 /* NFResult.swift */,
			);
			name = Model;
			sourceTree = "<group>";
		};
/* End PBXGroup section */

/* Begin PBXNativeTarget section */
		76598D621DCD6DDD00DEF76E /* NutriFence (iOS) */ = {
			isa = PBXNativeTarget;
			buildConfigurationList = 76598D8B1DCD6DDE00DEF76E /* Build configuration list for PBXNativeTarget "NutriFence (iOS)" */;
			buildPhases = (
				9B0765B1961710C535FB9183 /* [CP] Check Pods Manifest.lock */,
				76598D5F1DCD6DDD00DEF76E /* Sources */,
				76598D601DCD6DDD00DEF76E /* Frameworks */,
				76598D611DCD6DDD00DEF76E /* Resources */,
				A92D21313468805BAFCA9F55 /* [CP] Embed Pods Frameworks */,
				C9BEE1372F97A13159DA2965 /* [CP] Copy Pods Resources */,
			);
			buildRules = (
			);
			dependencies = (
			);
			name = "NutriFence (iOS)";
			productName = "NutriFence (iOS)";
			productReference = 76598D631DCD6DDD00DEF76E /* NutriFence.app */;
			productType = "com.apple.product-type.application";
		};
		76598D761DCD6DDE00DEF76E /* NutriFence (iOS)Tests */ = {
			isa = PBXNativeTarget;
			buildConfigurationList = 76598D8E1DCD6DDE00DEF76E /* Build configuration list for PBXNativeTarget "NutriFence (iOS)Tests" */;
			buildPhases = (
				D33729D895C31BD690A63559 /* [CP] Check Pods Manifest.lock */,
				76598D731DCD6DDE00DEF76E /* Sources */,
				76598D741DCD6DDE00DEF76E /* Frameworks */,
				76598D751DCD6DDE00DEF76E /* Resources */,
				AA1497A3E98C58A572389CC0 /* [CP] Embed Pods Frameworks */,
				D306BB8423E2650305FB01A6 /* [CP] Copy Pods Resources */,
			);
			buildRules = (
			);
			dependencies = (
				76598D791DCD6DDE00DEF76E /* PBXTargetDependency */,
			);
			name = "NutriFence (iOS)Tests";
			productName = "NutriFence (iOS)Tests";
			productReference = 76598D771DCD6DDE00DEF76E /* NutriFence (iOS)Tests.xctest */;
			productType = "com.apple.product-type.bundle.unit-test";
		};
		76598D811DCD6DDE00DEF76E /* NutriFence (iOS)UITests */ = {
			isa = PBXNativeTarget;
			buildConfigurationList = 76598D911DCD6DDE00DEF76E /* Build configuration list for PBXNativeTarget "NutriFence (iOS)UITests" */;
			buildPhases = (
				66CD52BA30DF1FACA11645A0 /* [CP] Check Pods Manifest.lock */,
				76598D7E1DCD6DDE00DEF76E /* Sources */,
				76598D7F1DCD6DDE00DEF76E /* Frameworks */,
				76598D801DCD6DDE00DEF76E /* Resources */,
				0870FE172447DA9669A21ABF /* [CP] Embed Pods Frameworks */,
				C5CB8332E710749E7B97E118 /* [CP] Copy Pods Resources */,
			);
			buildRules = (
			);
			dependencies = (
				76598D841DCD6DDE00DEF76E /* PBXTargetDependency */,
			);
			name = "NutriFence (iOS)UITests";
			productName = "NutriFence (iOS)UITests";
			productReference = 76598D821DCD6DDE00DEF76E /* NutriFence (iOS)UITests.xctest */;
			productType = "com.apple.product-type.bundle.ui-testing";
		};
/* End PBXNativeTarget section */

/* Begin PBXProject section */
		76598D5B1DCD6DDD00DEF76E /* Project object */ = {
			isa = PBXProject;
			attributes = {
				LastSwiftUpdateCheck = 0810;
				LastUpgradeCheck = 0820;
				ORGANIZATIONNAME = NutriFence;
				TargetAttributes = {
					76598D621DCD6DDD00DEF76E = {
						CreatedOnToolsVersion = 8.1;
						DevelopmentTeam = 3L9BJWLUW8;
						ProvisioningStyle = Automatic;
					};
					76598D761DCD6DDE00DEF76E = {
						CreatedOnToolsVersion = 8.1;
						DevelopmentTeam = 3L9BJWLUW8;
						ProvisioningStyle = Automatic;
						TestTargetID = 76598D621DCD6DDD00DEF76E;
					};
					76598D811DCD6DDE00DEF76E = {
						CreatedOnToolsVersion = 8.1;
						DevelopmentTeam = 3L9BJWLUW8;
						ProvisioningStyle = Automatic;
						TestTargetID = 76598D621DCD6DDD00DEF76E;
					};
				};
			};
			buildConfigurationList = 76598D5E1DCD6DDD00DEF76E /* Build configuration list for PBXProject "NutriFence (iOS)" */;
			compatibilityVersion = "Xcode 3.2";
			developmentRegion = English;
			hasScannedForEncodings = 0;
			knownRegions = (
				en,
				Base,
			);
			mainGroup = 76598D5A1DCD6DDD00DEF76E;
			productRefGroup = 76598D641DCD6DDD00DEF76E /* Products */;
			projectDirPath = "";
			projectRoot = "";
			targets = (
				76598D621DCD6DDD00DEF76E /* NutriFence (iOS) */,
				76598D761DCD6DDE00DEF76E /* NutriFence (iOS)Tests */,
				76598D811DCD6DDE00DEF76E /* NutriFence (iOS)UITests */,
			);
		};
/* End PBXProject section */

/* Begin PBXResourcesBuildPhase section */
		76598D611DCD6DDD00DEF76E /* Resources */ = {
			isa = PBXResourcesBuildPhase;
			buildActionMask = 2147483647;
			files = (
				76598D711DCD6DDE00DEF76E /* LaunchScreen.storyboard in Resources */,
				7685516D1DCE56BC008A8526 /* ufonts.com_century-gothic.ttf in Resources */,
				76598D6E1DCD6DDE00DEF76E /* Assets.xcassets in Resources */,
				76AAB6351E093BFB00D3CBB8 /* NFFirstPage.xib in Resources */,
				76598D6C1DCD6DDE00DEF76E /* Main.storyboard in Resources */,
			);
			runOnlyForDeploymentPostprocessing = 0;
		};
		76598D751DCD6DDE00DEF76E /* Resources */ = {
			isa = PBXResourcesBuildPhase;
			buildActionMask = 2147483647;
			files = (
			);
			runOnlyForDeploymentPostprocessing = 0;
		};
		76598D801DCD6DDE00DEF76E /* Resources */ = {
			isa = PBXResourcesBuildPhase;
			buildActionMask = 2147483647;
			files = (
			);
			runOnlyForDeploymentPostprocessing = 0;
		};
/* End PBXResourcesBuildPhase section */

/* Begin PBXShellScriptBuildPhase section */
		0870FE172447DA9669A21ABF /* [CP] Embed Pods Frameworks */ = {
			isa = PBXShellScriptBuildPhase;
			buildActionMask = 2147483647;
			files = (
			);
			inputPaths = (
			);
			name = "[CP] Embed Pods Frameworks";
			outputPaths = (
			);
			runOnlyForDeploymentPostprocessing = 0;
			shellPath = /bin/sh;
			shellScript = "\"${SRCROOT}/Pods/Target Support Files/Pods-NutriFence (iOS)UITests/Pods-NutriFence (iOS)UITests-frameworks.sh\"\n";
			showEnvVarsInLog = 0;
		};
		66CD52BA30DF1FACA11645A0 /* [CP] Check Pods Manifest.lock */ = {
			isa = PBXShellScriptBuildPhase;
			buildActionMask = 2147483647;
			files = (
			);
			inputPaths = (
			);
			name = "[CP] Check Pods Manifest.lock";
			outputPaths = (
			);
			runOnlyForDeploymentPostprocessing = 0;
			shellPath = /bin/sh;
			shellScript = "diff \"${PODS_ROOT}/../Podfile.lock\" \"${PODS_ROOT}/Manifest.lock\" > /dev/null\nif [ $? != 0 ] ; then\n    # print error to STDERR\n    echo \"error: The sandbox is not in sync with the Podfile.lock. Run 'pod install' or update your CocoaPods installation.\" >&2\n    exit 1\nfi\n";
			showEnvVarsInLog = 0;
		};
		9B0765B1961710C535FB9183 /* [CP] Check Pods Manifest.lock */ = {
			isa = PBXShellScriptBuildPhase;
			buildActionMask = 2147483647;
			files = (
			);
			inputPaths = (
			);
			name = "[CP] Check Pods Manifest.lock";
			outputPaths = (
			);
			runOnlyForDeploymentPostprocessing = 0;
			shellPath = /bin/sh;
			shellScript = "diff \"${PODS_ROOT}/../Podfile.lock\" \"${PODS_ROOT}/Manifest.lock\" > /dev/null\nif [ $? != 0 ] ; then\n    # print error to STDERR\n    echo \"error: The sandbox is not in sync with the Podfile.lock. Run 'pod install' or update your CocoaPods installation.\" >&2\n    exit 1\nfi\n";
			showEnvVarsInLog = 0;
		};
		A92D21313468805BAFCA9F55 /* [CP] Embed Pods Frameworks */ = {
			isa = PBXShellScriptBuildPhase;
			buildActionMask = 2147483647;
			files = (
			);
			inputPaths = (
			);
			name = "[CP] Embed Pods Frameworks";
			outputPaths = (
			);
			runOnlyForDeploymentPostprocessing = 0;
			shellPath = /bin/sh;
			shellScript = "\"${SRCROOT}/Pods/Target Support Files/Pods-NutriFence (iOS)/Pods-NutriFence (iOS)-frameworks.sh\"\n";
			showEnvVarsInLog = 0;
		};
		AA1497A3E98C58A572389CC0 /* [CP] Embed Pods Frameworks */ = {
			isa = PBXShellScriptBuildPhase;
			buildActionMask = 2147483647;
			files = (
			);
			inputPaths = (
			);
			name = "[CP] Embed Pods Frameworks";
			outputPaths = (
			);
			runOnlyForDeploymentPostprocessing = 0;
			shellPath = /bin/sh;
			shellScript = "\"${SRCROOT}/Pods/Target Support Files/Pods-NutriFence (iOS)Tests/Pods-NutriFence (iOS)Tests-frameworks.sh\"\n";
			showEnvVarsInLog = 0;
		};
		C5CB8332E710749E7B97E118 /* [CP] Copy Pods Resources */ = {
			isa = PBXShellScriptBuildPhase;
			buildActionMask = 2147483647;
			files = (
			);
			inputPaths = (
			);
			name = "[CP] Copy Pods Resources";
			outputPaths = (
			);
			runOnlyForDeploymentPostprocessing = 0;
			shellPath = /bin/sh;
			shellScript = "\"${SRCROOT}/Pods/Target Support Files/Pods-NutriFence (iOS)UITests/Pods-NutriFence (iOS)UITests-resources.sh\"\n";
			showEnvVarsInLog = 0;
		};
		C9BEE1372F97A13159DA2965 /* [CP] Copy Pods Resources */ = {
			isa = PBXShellScriptBuildPhase;
			buildActionMask = 2147483647;
			files = (
			);
			inputPaths = (
			);
			name = "[CP] Copy Pods Resources";
			outputPaths = (
			);
			runOnlyForDeploymentPostprocessing = 0;
			shellPath = /bin/sh;
			shellScript = "\"${SRCROOT}/Pods/Target Support Files/Pods-NutriFence (iOS)/Pods-NutriFence (iOS)-resources.sh\"\n";
			showEnvVarsInLog = 0;
		};
		D306BB8423E2650305FB01A6 /* [CP] Copy Pods Resources */ = {
			isa = PBXShellScriptBuildPhase;
			buildActionMask = 2147483647;
			files = (
			);
			inputPaths = (
			);
			name = "[CP] Copy Pods Resources";
			outputPaths = (
			);
			runOnlyForDeploymentPostprocessing = 0;
			shellPath = /bin/sh;
			shellScript = "\"${SRCROOT}/Pods/Target Support Files/Pods-NutriFence (iOS)Tests/Pods-NutriFence (iOS)Tests-resources.sh\"\n";
			showEnvVarsInLog = 0;
		};
		D33729D895C31BD690A63559 /* [CP] Check Pods Manifest.lock */ = {
			isa = PBXShellScriptBuildPhase;
			buildActionMask = 2147483647;
			files = (
			);
			inputPaths = (
			);
			name = "[CP] Check Pods Manifest.lock";
			outputPaths = (
			);
			runOnlyForDeploymentPostprocessing = 0;
			shellPath = /bin/sh;
			shellScript = "diff \"${PODS_ROOT}/../Podfile.lock\" \"${PODS_ROOT}/Manifest.lock\" > /dev/null\nif [ $? != 0 ] ; then\n    # print error to STDERR\n    echo \"error: The sandbox is not in sync with the Podfile.lock. Run 'pod install' or update your CocoaPods installation.\" >&2\n    exit 1\nfi\n";
			showEnvVarsInLog = 0;
		};
/* End PBXShellScriptBuildPhase section */

/* Begin PBXSourcesBuildPhase section */
		76598D5F1DCD6DDD00DEF76E /* Sources */ = {
			isa = PBXSourcesBuildPhase;
			buildActionMask = 2147483647;
			files = (
				76AAB6381E093C7700D3CBB8 /* NFFirstPageViewController.swift in Sources */,
				76DFA62F1DD6D96F00821BC5 /* NFGradientColors.swift in Sources */,
				76DFA6361DD8E23000821BC5 /* NFClassificationFetcher.swift in Sources */,
				76DFA6331DD8E0B300821BC5 /* NFResult.swift in Sources */,
				76DFA6251DD6B6D700821BC5 /* NFMainTableViewController.swift in Sources */,
				76DFA62D1DD6D6E200821BC5 /* NFIngredient.swift in Sources */,
				76598D671DCD6DDD00DEF76E /* AppDelegate.swift in Sources */,
				7634A6771E0792A50049F909 /* NFLabelCaptureViewController.swift in Sources */,
				761585D21E07A3990094BEDB /* NFShutterButton.swift in Sources */,
				7685516B1DCE4E8A008A8526 /* UIColor+Hex.swift in Sources */,
				76DFA6311DD6E15B00821BC5 /* NFDiet.swift in Sources */,
				76F84D021E08E75500D56608 /* NFSimpleMenuViewController.swift in Sources */,
				76DFA62B1DD6D47100821BC5 /* NFMainTVCType.swift in Sources */,
				76F84D041E08EA7600D56608 /* NFBackButton.swift in Sources */,
			);
			runOnlyForDeploymentPostprocessing = 0;
		};
		76598D731DCD6DDE00DEF76E /* Sources */ = {
			isa = PBXSourcesBuildPhase;
			buildActionMask = 2147483647;
			files = (
				76598D7C1DCD6DDE00DEF76E /* NutriFence__iOS_Tests.swift in Sources */,
			);
			runOnlyForDeploymentPostprocessing = 0;
		};
		76598D7E1DCD6DDE00DEF76E /* Sources */ = {
			isa = PBXSourcesBuildPhase;
			buildActionMask = 2147483647;
			files = (
				76598D871DCD6DDE00DEF76E /* NutriFence__iOS_UITests.swift in Sources */,
			);
			runOnlyForDeploymentPostprocessing = 0;
		};
/* End PBXSourcesBuildPhase section */

/* Begin PBXTargetDependency section */
		76598D791DCD6DDE00DEF76E /* PBXTargetDependency */ = {
			isa = PBXTargetDependency;
			target = 76598D621DCD6DDD00DEF76E /* NutriFence (iOS) */;
			targetProxy = 76598D781DCD6DDE00DEF76E /* PBXContainerItemProxy */;
		};
		76598D841DCD6DDE00DEF76E /* PBXTargetDependency */ = {
			isa = PBXTargetDependency;
			target = 76598D621DCD6DDD00DEF76E /* NutriFence (iOS) */;
			targetProxy = 76598D831DCD6DDE00DEF76E /* PBXContainerItemProxy */;
		};
/* End PBXTargetDependency section */

/* Begin PBXVariantGroup section */
		76598D6A1DCD6DDE00DEF76E /* Main.storyboard */ = {
			isa = PBXVariantGroup;
			children = (
				76598D6B1DCD6DDE00DEF76E /* Base */,
			);
			name = Main.storyboard;
			sourceTree = "<group>";
		};
		76598D6F1DCD6DDE00DEF76E /* LaunchScreen.storyboard */ = {
			isa = PBXVariantGroup;
			children = (
				76598D701DCD6DDE00DEF76E /* Base */,
			);
			name = LaunchScreen.storyboard;
			sourceTree = "<group>";
		};
/* End PBXVariantGroup section */

/* Begin XCBuildConfiguration section */
		76598D891DCD6DDE00DEF76E /* Debug */ = {
			isa = XCBuildConfiguration;
			buildSettings = {
				ALWAYS_SEARCH_USER_PATHS = NO;
				CLANG_ANALYZER_NONNULL = YES;
				CLANG_CXX_LANGUAGE_STANDARD = "gnu++0x";
				CLANG_CXX_LIBRARY = "libc++";
				CLANG_ENABLE_MODULES = YES;
				CLANG_ENABLE_OBJC_ARC = YES;
				CLANG_WARN_BOOL_CONVERSION = YES;
				CLANG_WARN_CONSTANT_CONVERSION = YES;
				CLANG_WARN_DIRECT_OBJC_ISA_USAGE = YES_ERROR;
				CLANG_WARN_DOCUMENTATION_COMMENTS = YES;
				CLANG_WARN_EMPTY_BODY = YES;
				CLANG_WARN_ENUM_CONVERSION = YES;
				CLANG_WARN_INFINITE_RECURSION = YES;
				CLANG_WARN_INT_CONVERSION = YES;
				CLANG_WARN_OBJC_ROOT_CLASS = YES_ERROR;
				CLANG_WARN_SUSPICIOUS_MOVE = YES;
				CLANG_WARN_SUSPICIOUS_MOVES = YES;
				CLANG_WARN_UNREACHABLE_CODE = YES;
				CLANG_WARN__DUPLICATE_METHOD_MATCH = YES;
				"CODE_SIGN_IDENTITY[sdk=iphoneos*]" = "iPhone Developer";
				COPY_PHASE_STRIP = NO;
				DEBUG_INFORMATION_FORMAT = "dwarf-with-dsym";
				ENABLE_STRICT_OBJC_MSGSEND = YES;
				ENABLE_TESTABILITY = YES;
				GCC_C_LANGUAGE_STANDARD = gnu99;
				GCC_DYNAMIC_NO_PIC = NO;
				GCC_NO_COMMON_BLOCKS = YES;
				GCC_OPTIMIZATION_LEVEL = 0;
				GCC_PREPROCESSOR_DEFINITIONS = (
					"DEBUG=1",
					"$(inherited)",
				);
				GCC_WARN_64_TO_32_BIT_CONVERSION = YES;
				GCC_WARN_ABOUT_RETURN_TYPE = YES_ERROR;
				GCC_WARN_UNDECLARED_SELECTOR = YES;
				GCC_WARN_UNINITIALIZED_AUTOS = YES_AGGRESSIVE;
				GCC_WARN_UNUSED_FUNCTION = YES;
				GCC_WARN_UNUSED_VARIABLE = YES;
				IPHONEOS_DEPLOYMENT_TARGET = 10.1;
				MTL_ENABLE_DEBUG_INFO = YES;
				ONLY_ACTIVE_ARCH = YES;
				SDKROOT = iphoneos;
				SWIFT_ACTIVE_COMPILATION_CONDITIONS = DEBUG;
				SWIFT_OBJC_BRIDGING_HEADER = "TOCropViewController-Bridging-Header";
				SWIFT_OPTIMIZATION_LEVEL = "-Onone";
			};
			name = Debug;
		};
		76598D8A1DCD6DDE00DEF76E /* Release */ = {
			isa = XCBuildConfiguration;
			buildSettings = {
				ALWAYS_SEARCH_USER_PATHS = NO;
				CLANG_ANALYZER_NONNULL = YES;
				CLANG_CXX_LANGUAGE_STANDARD = "gnu++0x";
				CLANG_CXX_LIBRARY = "libc++";
				CLANG_ENABLE_MODULES = YES;
				CLANG_ENABLE_OBJC_ARC = YES;
				CLANG_WARN_BOOL_CONVERSION = YES;
				CLANG_WARN_CONSTANT_CONVERSION = YES;
				CLANG_WARN_DIRECT_OBJC_ISA_USAGE = YES_ERROR;
				CLANG_WARN_DOCUMENTATION_COMMENTS = YES;
				CLANG_WARN_EMPTY_BODY = YES;
				CLANG_WARN_ENUM_CONVERSION = YES;
				CLANG_WARN_INFINITE_RECURSION = YES;
				CLANG_WARN_INT_CONVERSION = YES;
				CLANG_WARN_OBJC_ROOT_CLASS = YES_ERROR;
				CLANG_WARN_SUSPICIOUS_MOVE = YES;
				CLANG_WARN_SUSPICIOUS_MOVES = YES;
				CLANG_WARN_UNREACHABLE_CODE = YES;
				CLANG_WARN__DUPLICATE_METHOD_MATCH = YES;
				"CODE_SIGN_IDENTITY[sdk=iphoneos*]" = "iPhone Developer";
				COPY_PHASE_STRIP = NO;
				DEBUG_INFORMATION_FORMAT = "dwarf-with-dsym";
				ENABLE_NS_ASSERTIONS = NO;
				ENABLE_STRICT_OBJC_MSGSEND = YES;
				GCC_C_LANGUAGE_STANDARD = gnu99;
				GCC_NO_COMMON_BLOCKS = YES;
				GCC_WARN_64_TO_32_BIT_CONVERSION = YES;
				GCC_WARN_ABOUT_RETURN_TYPE = YES_ERROR;
				GCC_WARN_UNDECLARED_SELECTOR = YES;
				GCC_WARN_UNINITIALIZED_AUTOS = YES_AGGRESSIVE;
				GCC_WARN_UNUSED_FUNCTION = YES;
				GCC_WARN_UNUSED_VARIABLE = YES;
				IPHONEOS_DEPLOYMENT_TARGET = 10.1;
				MTL_ENABLE_DEBUG_INFO = NO;
				SDKROOT = iphoneos;
				SWIFT_OBJC_BRIDGING_HEADER = "TOCropViewController-Bridging-Header";
				SWIFT_OPTIMIZATION_LEVEL = "-Owholemodule";
				VALIDATE_PRODUCT = YES;
			};
			name = Release;
		};
		76598D8C1DCD6DDE00DEF76E /* Debug */ = {
			isa = XCBuildConfiguration;
			baseConfigurationReference = 52B0026EBF0E9A9D9757F91B /* Pods-NutriFence (iOS).debug.xcconfig */;
			buildSettings = {
				ALWAYS_EMBED_SWIFT_STANDARD_LIBRARIES = YES;
				ASSETCATALOG_COMPILER_APPICON_NAME = AppIcon;
				DEVELOPMENT_TEAM = 3L9BJWLUW8;
				INFOPLIST_FILE = "NutriFence (iOS)/Info.plist";
				IPHONEOS_DEPLOYMENT_TARGET = 8.1;
				LD_RUNPATH_SEARCH_PATHS = "$(inherited) @executable_path/Frameworks";
				PRODUCT_BUNDLE_IDENTIFIER = com.nutrifence.NutriFenceiOS;
				PRODUCT_NAME = NutriFence;
				SWIFT_OBJC_BRIDGING_HEADER = "";
				SWIFT_VERSION = 3.0;
			};
			name = Debug;
		};
		76598D8D1DCD6DDE00DEF76E /* Release */ = {
			isa = XCBuildConfiguration;
			baseConfigurationReference = EB5CEF723CB87E18AECE0109 /* Pods-NutriFence (iOS).release.xcconfig */;
			buildSettings = {
				ALWAYS_EMBED_SWIFT_STANDARD_LIBRARIES = YES;
				ASSETCATALOG_COMPILER_APPICON_NAME = AppIcon;
				DEVELOPMENT_TEAM = 3L9BJWLUW8;
				INFOPLIST_FILE = "NutriFence (iOS)/Info.plist";
				IPHONEOS_DEPLOYMENT_TARGET = 8.1;
				LD_RUNPATH_SEARCH_PATHS = "$(inherited) @executable_path/Frameworks";
				PRODUCT_BUNDLE_IDENTIFIER = com.nutrifence.NutriFenceiOS;
				PRODUCT_NAME = NutriFence;
				SWIFT_OBJC_BRIDGING_HEADER = "";
				SWIFT_VERSION = 3.0;
			};
			name = Release;
		};
		76598D8F1DCD6DDE00DEF76E /* Debug */ = {
			isa = XCBuildConfiguration;
			baseConfigurationReference = E69867A18043D93B011A71F7 /* Pods-NutriFence (iOS)Tests.debug.xcconfig */;
			buildSettings = {
				ALWAYS_EMBED_SWIFT_STANDARD_LIBRARIES = YES;
				BUNDLE_LOADER = "$(TEST_HOST)";
				DEVELOPMENT_TEAM = 3L9BJWLUW8;
				INFOPLIST_FILE = "NutriFence (iOS)Tests/Info.plist";
				LD_RUNPATH_SEARCH_PATHS = "$(inherited) @executable_path/Frameworks @loader_path/Frameworks";
				PRODUCT_BUNDLE_IDENTIFIER = "com.nutrifence.NutriFence--iOS-Tests";
				PRODUCT_NAME = "$(TARGET_NAME)";
				SWIFT_VERSION = 3.0;
				TEST_HOST = "$(BUILT_PRODUCTS_DIR)/NutriFence (iOS).app/NutriFence (iOS)";
			};
			name = Debug;
		};
		76598D901DCD6DDE00DEF76E /* Release */ = {
			isa = XCBuildConfiguration;
			baseConfigurationReference = 49CD07C2F2343023F35B5B80 /* Pods-NutriFence (iOS)Tests.release.xcconfig */;
			buildSettings = {
				ALWAYS_EMBED_SWIFT_STANDARD_LIBRARIES = YES;
				BUNDLE_LOADER = "$(TEST_HOST)";
				DEVELOPMENT_TEAM = 3L9BJWLUW8;
				INFOPLIST_FILE = "NutriFence (iOS)Tests/Info.plist";
				LD_RUNPATH_SEARCH_PATHS = "$(inherited) @executable_path/Frameworks @loader_path/Frameworks";
				PRODUCT_BUNDLE_IDENTIFIER = "com.nutrifence.NutriFence--iOS-Tests";
				PRODUCT_NAME = "$(TARGET_NAME)";
				SWIFT_VERSION = 3.0;
				TEST_HOST = "$(BUILT_PRODUCTS_DIR)/NutriFence (iOS).app/NutriFence (iOS)";
			};
			name = Release;
		};
		76598D921DCD6DDE00DEF76E /* Debug */ = {
			isa = XCBuildConfiguration;
			baseConfigurationReference = 5FB84F789A576C75C829D539 /* Pods-NutriFence (iOS)UITests.debug.xcconfig */;
			buildSettings = {
				ALWAYS_EMBED_SWIFT_STANDARD_LIBRARIES = YES;
				DEVELOPMENT_TEAM = 3L9BJWLUW8;
				INFOPLIST_FILE = "NutriFence (iOS)UITests/Info.plist";
				LD_RUNPATH_SEARCH_PATHS = "$(inherited) @executable_path/Frameworks @loader_path/Frameworks";
				PRODUCT_BUNDLE_IDENTIFIER = "com.nutrifence.NutriFence--iOS-UITests";
				PRODUCT_NAME = "$(TARGET_NAME)";
				SWIFT_VERSION = 3.0;
				TEST_TARGET_NAME = "NutriFence (iOS)";
			};
			name = Debug;
		};
		76598D931DCD6DDE00DEF76E /* Release */ = {
			isa = XCBuildConfiguration;
			baseConfigurationReference = 0908850765BBEEA358EFA7A1 /* Pods-NutriFence (iOS)UITests.release.xcconfig */;
			buildSettings = {
				ALWAYS_EMBED_SWIFT_STANDARD_LIBRARIES = YES;
				DEVELOPMENT_TEAM = 3L9BJWLUW8;
				INFOPLIST_FILE = "NutriFence (iOS)UITests/Info.plist";
				LD_RUNPATH_SEARCH_PATHS = "$(inherited) @executable_path/Frameworks @loader_path/Frameworks";
				PRODUCT_BUNDLE_IDENTIFIER = "com.nutrifence.NutriFence--iOS-UITests";
				PRODUCT_NAME = "$(TARGET_NAME)";
				SWIFT_VERSION = 3.0;
				TEST_TARGET_NAME = "NutriFence (iOS)";
			};
			name = Release;
		};
/* End XCBuildConfiguration section */

/* Begin XCConfigurationList section */
		76598D5E1DCD6DDD00DEF76E /* Build configuration list for PBXProject "NutriFence (iOS)" */ = {
			isa = XCConfigurationList;
			buildConfigurations = (
				76598D891DCD6DDE00DEF76E /* Debug */,
				76598D8A1DCD6DDE00DEF76E /* Release */,
			);
			defaultConfigurationIsVisible = 0;
			defaultConfigurationName = Release;
		};
		76598D8B1DCD6DDE00DEF76E /* Build configuration list for PBXNativeTarget "NutriFence (iOS)" */ = {
			isa = XCConfigurationList;
			buildConfigurations = (
				76598D8C1DCD6DDE00DEF76E /* Debug */,
				76598D8D1DCD6DDE00DEF76E /* Release */,
			);
			defaultConfigurationIsVisible = 0;
			defaultConfigurationName = Release;
		};
		76598D8E1DCD6DDE00DEF76E /* Build configuration list for PBXNativeTarget "NutriFence (iOS)Tests" */ = {
			isa = XCConfigurationList;
			buildConfigurations = (
				76598D8F1DCD6DDE00DEF76E /* Debug */,
				76598D901DCD6DDE00DEF76E /* Release */,
			);
			defaultConfigurationIsVisible = 0;
			defaultConfigurationName = Release;
		};
		76598D911DCD6DDE00DEF76E /* Build configuration list for PBXNativeTarget "NutriFence (iOS)UITests" */ = {
			isa = XCConfigurationList;
			buildConfigurations = (
				76598D921DCD6DDE00DEF76E /* Debug */,
				76598D931DCD6DDE00DEF76E /* Release */,
			);
			defaultConfigurationIsVisible = 0;
			defaultConfigurationName = Release;
		};
/* End XCConfigurationList section */
	};
	rootObject = 76598D5B1DCD6DDD00DEF76E /* Project object */;
}
